
Microsoft Visual Studio Solution File, Format Version 12.00
# Visual Studio Version 16
VisualStudioVersion = 16.0.30711.63
MinimumVisualStudioVersion = 10.0.40219.1
Project("{9A19103F-16F7-4668-BE54-9A1E7A4F7556}") = "Monbsoft.IHalles.Web", "src\Monbsoft.IHalles.Web\Monbsoft.IHalles.Web.csproj", "{6C83F9F6-F760-474C-A4F4-563F8696BFC2}"
EndProject
Project("{FAE04EC0-301F-11D3-BF4B-00C04F79EFBC}") = "Monbsoft.IHalles.Shared", "src\Monbsoft.IHalles.Shared\Monbsoft.IHalles.Shared.csproj", "{80F4CE91-3907-4FB7-99E1-8DB526AE45A1}"
EndProject
Global
	GlobalSection(SolutionConfigurationPlatforms) = preSolution
		Debug|Any CPU = Debug|Any CPU
		Release|Any CPU = Release|Any CPU
	EndGlobalSection
	GlobalSection(ProjectConfigurationPlatforms) = postSolution
		{6C83F9F6-F760-474C-A4F4-563F8696BFC2}.Debug|Any CPU.ActiveCfg = Debug|Any CPU
		{6C83F9F6-F760-474C-A4F4-563F8696BFC2}.Debug|Any CPU.Build.0 = Debug|Any CPU
		{6C83F9F6-F760-474C-A4F4-563F8696BFC2}.Release|Any CPU.ActiveCfg = Release|Any CPU
		{6C83F9F6-F760-474C-A4F4-563F8696BFC2}.Release|Any CPU.Build.0 = Release|Any CPU
		{80F4CE91-3907-4FB7-99E1-8DB526AE45A1}.Debug|Any CPU.ActiveCfg = Debug|Any CPU
		{80F4CE91-3907-4FB7-99E1-8DB526AE45A1}.Debug|Any CPU.Build.0 = Debug|Any CPU
		{80F4CE91-3907-4FB7-99E1-8DB526AE45A1}.Release|Any CPU.ActiveCfg = Release|Any CPU
		{80F4CE91-3907-4FB7-99E1-8DB526AE45A1}.Release|Any CPU.Build.0 = Release|Any CPU
	EndGlobalSection
	GlobalSection(SolutionProperties) = preSolution
		HideSolutionNode = FALSE
	EndGlobalSection
	GlobalSection(ExtensibilityGlobals) = postSolution
		SolutionGuid = {01D5C8A2-0C23-426F-8097-523B52D5E221}
	EndGlobalSection
EndGlobal
